
Microsoft Visual Studio Solution File, Format Version 12.00
# Visual Studio Version 17
VisualStudioVersion = 17.13.35931.197
MinimumVisualStudioVersion = 10.0.40219.1
Project("{FAE04EC0-301F-11D3-BF4B-00C04F79EFBC}") = "DesafioProtech.API", "DesafioProtech\DesafioProtech.API.csproj", "{B0A546CE-DEE0-4F9C-8AE0-3AF257FD11DA}"
EndProject
Project("{FAE04EC0-301F-11D3-BF4B-00C04F79EFBC}") = "DesafioProtech.Domain", "DesafioProtech.Domain\DesafioProtech.Domain.csproj", "{EEC88D74-3B28-4DF5-A6B2-77478B98AD4A}"
EndProject
Project("{FAE04EC0-301F-11D3-BF4B-00C04F79EFBC}") = "DesafioProtech.Application", "DesafioProtech.Application\DesafioProtech.Application.csproj", "{96955BE6-B0E2-48C0-9E1B-465B22846816}"
EndProject
Project("{FAE04EC0-301F-11D3-BF4B-00C04F79EFBC}") = "DesafioProtech.Infrastructure", "DesafioProtech.Infrastructure\DesafioProtech.Infrastructure.csproj", "{2642D362-044B-42CB-BD46-E4C1FECE84BF}"
EndProject
Project("{FAE04EC0-301F-11D3-BF4B-00C04F79EFBC}") = "DesafioProtech.Tests", "DesafioProtech.Tests\DesafioProtech.Tests.csproj", "{ABE16028-16C8-4BE4-813D-DF8F7A5E7E20}"
EndProject
Global
	GlobalSection(SolutionConfigurationPlatforms) = preSolution
		Debug|Any CPU = Debug|Any CPU
		Release|Any CPU = Release|Any CPU
	EndGlobalSection
	GlobalSection(ProjectConfigurationPlatforms) = postSolution
		{B0A546CE-DEE0-4F9C-8AE0-3AF257FD11DA}.Debug|Any CPU.ActiveCfg = Debug|Any CPU
		{B0A546CE-DEE0-4F9C-8AE0-3AF257FD11DA}.Debug|Any CPU.Build.0 = Debug|Any CPU
		{B0A546CE-DEE0-4F9C-8AE0-3AF257FD11DA}.Release|Any CPU.ActiveCfg = Release|Any CPU
		{B0A546CE-DEE0-4F9C-8AE0-3AF257FD11DA}.Release|Any CPU.Build.0 = Release|Any CPU
		{EEC88D74-3B28-4DF5-A6B2-77478B98AD4A}.Debug|Any CPU.ActiveCfg = Debug|Any CPU
		{EEC88D74-3B28-4DF5-A6B2-77478B98AD4A}.Debug|Any CPU.Build.0 = Debug|Any CPU
		{EEC88D74-3B28-4DF5-A6B2-77478B98AD4A}.Release|Any CPU.ActiveCfg = Release|Any CPU
		{EEC88D74-3B28-4DF5-A6B2-77478B98AD4A}.Release|Any CPU.Build.0 = Release|Any CPU
		{96955BE6-B0E2-48C0-9E1B-465B22846816}.Debug|Any CPU.ActiveCfg = Debug|Any CPU
		{96955BE6-B0E2-48C0-9E1B-465B22846816}.Debug|Any CPU.Build.0 = Debug|Any CPU
		{96955BE6-B0E2-48C0-9E1B-465B22846816}.Release|Any CPU.ActiveCfg = Release|Any CPU
		{96955BE6-B0E2-48C0-9E1B-465B22846816}.Release|Any CPU.Build.0 = Release|Any CPU
		{2642D362-044B-42CB-BD46-E4C1FECE84BF}.Debug|Any CPU.ActiveCfg = Debug|Any CPU
		{2642D362-044B-42CB-BD46-E4C1FECE84BF}.Debug|Any CPU.Build.0 = Debug|Any CPU
		{2642D362-044B-42CB-BD46-E4C1FECE84BF}.Release|Any CPU.ActiveCfg = Release|Any CPU
		{2642D362-044B-42CB-BD46-E4C1FECE84BF}.Release|Any CPU.Build.0 = Release|Any CPU
		{ABE16028-16C8-4BE4-813D-DF8F7A5E7E20}.Debug|Any CPU.ActiveCfg = Debug|Any CPU
		{ABE16028-16C8-4BE4-813D-DF8F7A5E7E20}.Debug|Any CPU.Build.0 = Debug|Any CPU
		{ABE16028-16C8-4BE4-813D-DF8F7A5E7E20}.Release|Any CPU.ActiveCfg = Release|Any CPU
		{ABE16028-16C8-4BE4-813D-DF8F7A5E7E20}.Release|Any CPU.Build.0 = Release|Any CPU
	EndGlobalSection
	GlobalSection(SolutionProperties) = preSolution
		HideSolutionNode = FALSE
	EndGlobalSection
	GlobalSection(ExtensibilityGlobals) = postSolution
		SolutionGuid = {F4032913-0A8C-48FA-86B8-A8C3A6C54875}
	EndGlobalSection
EndGlobal
